
Microsoft Visual Studio Solution File, Format Version 12.00
# Visual Studio Version 17
VisualStudioVersion = 17.9.34723.18
MinimumVisualStudioVersion = 10.0.40219.1
Project("{9A19103F-16F7-4668-BE54-9A1E7A4F7556}") = "Tategaki", "Tategaki\Tategaki.csproj", "{BEBAA42B-E05E-4F9B-99E8-503B32C499D8}"
EndProject
Project("{9A19103F-16F7-4668-BE54-9A1E7A4F7556}") = "TategakiSample", "TategakiSample\TategakiSample.csproj", "{F4392762-8FB5-418B-9B81-3BD80A8992C5}"
EndProject
Global
	GlobalSection(SolutionConfigurationPlatforms) = preSolution
		Debug|Any CPU = Debug|Any CPU
		Release|Any CPU = Release|Any CPU
	EndGlobalSection
	GlobalSection(ProjectConfigurationPlatforms) = postSolution
		{BEBAA42B-E05E-4F9B-99E8-503B32C499D8}.Debug|Any CPU.ActiveCfg = Debug|Any CPU
		{BEBAA42B-E05E-4F9B-99E8-503B32C499D8}.Debug|Any CPU.Build.0 = Debug|Any CPU
		{BEBAA42B-E05E-4F9B-99E8-503B32C499D8}.Release|Any CPU.ActiveCfg = Release|Any CPU
		{BEBAA42B-E05E-4F9B-99E8-503B32C499D8}.Release|Any CPU.Build.0 = Release|Any CPU
		{F4392762-8FB5-418B-9B81-3BD80A8992C5}.Debug|Any CPU.ActiveCfg = Debug|Any CPU
		{F4392762-8FB5-418B-9B81-3BD80A8992C5}.Debug|Any CPU.Build.0 = Debug|Any CPU
		{F4392762-8FB5-418B-9B81-3BD80A8992C5}.Release|Any CPU.ActiveCfg = Release|Any CPU
		{F4392762-8FB5-418B-9B81-3BD80A8992C5}.Release|Any CPU.Build.0 = Release|Any CPU
		{8DCE55AA-C1D6-43D0-A693-B5B61483B193}.Debug|Any CPU.ActiveCfg = Debug|Any CPU
		{8DCE55AA-C1D6-43D0-A693-B5B61483B193}.Debug|Any CPU.Build.0 = Debug|Any CPU
		{8DCE55AA-C1D6-43D0-A693-B5B61483B193}.Release|Any CPU.ActiveCfg = Release|Any CPU
		{8DCE55AA-C1D6-43D0-A693-B5B61483B193}.Release|Any CPU.Build.0 = Release|Any CPU
	EndGlobalSection
	GlobalSection(SolutionProperties) = preSolution
		HideSolutionNode = FALSE
	EndGlobalSection
	GlobalSection(ExtensibilityGlobals) = postSolution
		SolutionGuid = {FE390EF5-C66E-4C1A-87EE-5AE7D1C65EA3}
	EndGlobalSection
EndGlobal
